// !$*UTF8*$!
{
	archiveVersion = 1;
	classes = {
	};
	objectVersion = 56;
	objects = {

/* Begin PBXBuildFile section */
		862681242B5D9E84004DAA72 /* CrudPractice3App.swift in Sources */ = {isa = PBXBuildFile; fileRef = 862681232B5D9E84004DAA72 /* CrudPractice3App.swift */; };
		862681262B5D9E84004DAA72 /* ContentView.swift in Sources */ = {isa = PBXBuildFile; fileRef = 862681252B5D9E84004DAA72 /* ContentView.swift */; };
		862681282B5D9E86004DAA72 /* Assets.xcassets in Resources */ = {isa = PBXBuildFile; fileRef = 862681272B5D9E86004DAA72 /* Assets.xcassets */; };
		8626812B2B5D9E86004DAA72 /* Preview Assets.xcassets in Resources */ = {isa = PBXBuildFile; fileRef = 8626812A2B5D9E86004DAA72 /* Preview Assets.xcassets */; };
		862681352B5D9E86004DAA72 /* CrudPractice3Tests.swift in Sources */ = {isa = PBXBuildFile; fileRef = 862681342B5D9E86004DAA72 /* CrudPractice3Tests.swift */; };
		8626813F2B5D9E87004DAA72 /* CrudPractice3UITests.swift in Sources */ = {isa = PBXBuildFile; fileRef = 8626813E2B5D9E87004DAA72 /* CrudPractice3UITests.swift */; };
		862681412B5D9E87004DAA72 /* CrudPractice3UITestsLaunchTests.swift in Sources */ = {isa = PBXBuildFile; fileRef = 862681402B5D9E87004DAA72 /* CrudPractice3UITestsLaunchTests.swift */; };
		8626814E2B5DA0A4004DAA72 /* ToDoItem.swift in Sources */ = {isa = PBXBuildFile; fileRef = 8626814D2B5DA0A4004DAA72 /* ToDoItem.swift */; };
		862681502B5DAB11004DAA72 /* CreateView.swift in Sources */ = {isa = PBXBuildFile; fileRef = 8626814F2B5DAB11004DAA72 /* CreateView.swift */; };
		862681522B5DB031004DAA72 /* UpdateToDoView.swift in Sources */ = {isa = PBXBuildFile; fileRef = 862681512B5DB031004DAA72 /* UpdateToDoView.swift */; };
/* End PBXBuildFile section */

/* Begin PBXContainerItemProxy section */
		862681312B5D9E86004DAA72 /* PBXContainerItemProxy */ = {
			isa = PBXContainerItemProxy;
			containerPortal = 862681182B5D9E84004DAA72 /* Project object */;
			proxyType = 1;
			remoteGlobalIDString = 8626811F2B5D9E84004DAA72;
			remoteInfo = CrudPractice3;
		};
		8626813B2B5D9E87004DAA72 /* PBXContainerItemProxy */ = {
			isa = PBXContainerItemProxy;
			containerPortal = 862681182B5D9E84004DAA72 /* Project object */;
			proxyType = 1;
			remoteGlobalIDString = 8626811F2B5D9E84004DAA72;
			remoteInfo = CrudPractice3;
		};
/* End PBXContainerItemProxy section */

/* Begin PBXFileReference section */
		862681202B5D9E84004DAA72 /* CrudPractice3.app */ = {isa = PBXFileReference; explicitFileType = wrapper.application; includeInIndex = 0; path = CrudPractice3.app; sourceTree = BUILT_PRODUCTS_DIR; };
		862681232B5D9E84004DAA72 /* CrudPractice3App.swift */ = {isa = PBXFileReference; lastKnownFileType = sourcecode.swift; path = CrudPractice3App.swift; sourceTree = "<group>"; };
		862681252B5D9E84004DAA72 /* ContentView.swift */ = {isa = PBXFileReference; lastKnownFileType = sourcecode.swift; path = ContentView.swift; sourceTree = "<group>"; };
		862681272B5D9E86004DAA72 /* Assets.xcassets */ = {isa = PBXFileReference; lastKnownFileType = folder.assetcatalog; path = Assets.xcassets; sourceTree = "<group>"; };
		8626812A2B5D9E86004DAA72 /* Preview Assets.xcassets */ = {isa = PBXFileReference; lastKnownFileType = folder.assetcatalog; path = "Preview Assets.xcassets"; sourceTree = "<group>"; };
		862681302B5D9E86004DAA72 /* CrudPractice3Tests.xctest */ = {isa = PBXFileReference; explicitFileType = wrapper.cfbundle; includeInIndex = 0; path = CrudPractice3Tests.xctest; sourceTree = BUILT_PRODUCTS_DIR; };
		862681342B5D9E86004DAA72 /* CrudPractice3Tests.swift */ = {isa = PBXFileReference; lastKnownFileType = sourcecode.swift; path = CrudPractice3Tests.swift; sourceTree = "<group>"; };
		8626813A2B5D9E87004DAA72 /* CrudPractice3UITests.xctest */ = {isa = PBXFileReference; explicitFileType = wrapper.cfbundle; includeInIndex = 0; path = CrudPractice3UITests.xctest; sourceTree = BUILT_PRODUCTS_DIR; };
		8626813E2B5D9E87004DAA72 /* CrudPractice3UITests.swift */ = {isa = PBXFileReference; lastKnownFileType = sourcecode.swift; path = CrudPractice3UITests.swift; sourceTree = "<group>"; };
		862681402B5D9E87004DAA72 /* CrudPractice3UITestsLaunchTests.swift */ = {isa = PBXFileReference; lastKnownFileType = sourcecode.swift; path = CrudPractice3UITestsLaunchTests.swift; sourceTree = "<group>"; };
		8626814D2B5DA0A4004DAA72 /* ToDoItem.swift */ = {isa = PBXFileReference; lastKnownFileType = sourcecode.swift; path = ToDoItem.swift; sourceTree = "<group>"; };
		8626814F2B5DAB11004DAA72 /* CreateView.swift */ = {isa = PBXFileReference; lastKnownFileType = sourcecode.swift; path = CreateView.swift; sourceTree = "<group>"; };
		862681512B5DB031004DAA72 /* UpdateToDoView.swift */ = {isa = PBXFileReference; lastKnownFileType = sourcecode.swift; path = UpdateToDoView.swift; sourceTree = "<group>"; };
/* End PBXFileReference section */

/* Begin PBXFrameworksBuildPhase section */
		8626811D2B5D9E84004DAA72 /* Frameworks */ = {
			isa = PBXFrameworksBuildPhase;
			buildActionMask = 2147483647;
			files = (
			);
			runOnlyForDeploymentPostprocessing = 0;
		};
		8626812D2B5D9E86004DAA72 /* Frameworks */ = {
			isa = PBXFrameworksBuildPhase;
			buildActionMask = 2147483647;
			files = (
			);
			runOnlyForDeploymentPostprocessing = 0;
		};
		862681372B5D9E87004DAA72 /* Frameworks */ = {
			isa = PBXFrameworksBuildPhase;
			buildActionMask = 2147483647;
			files = (
			);
			runOnlyForDeploymentPostprocessing = 0;
		};
/* End PBXFrameworksBuildPhase section */

/* Begin PBXGroup section */
		862681172B5D9E84004DAA72 = {
			isa = PBXGroup;
			children = (
				862681222B5D9E84004DAA72 /* CrudPractice3 */,
				862681332B5D9E86004DAA72 /* CrudPractice3Tests */,
				8626813D2B5D9E87004DAA72 /* CrudPractice3UITests */,
				862681212B5D9E84004DAA72 /* Products */,
			);
			sourceTree = "<group>";
		};
		862681212B5D9E84004DAA72 /* Products */ = {
			isa = PBXGroup;
			children = (
				862681202B5D9E84004DAA72 /* CrudPractice3.app */,
				862681302B5D9E86004DAA72 /* CrudPractice3Tests.xctest */,
				8626813A2B5D9E87004DAA72 /* CrudPractice3UITests.xctest */,
			);
			name = Products;
			sourceTree = "<group>";
		};
		862681222B5D9E84004DAA72 /* CrudPractice3 */ = {
			isa = PBXGroup;
			children = (
				862681232B5D9E84004DAA72 /* CrudPractice3App.swift */,
				862681252B5D9E84004DAA72 /* ContentView.swift */,
				862681272B5D9E86004DAA72 /* Assets.xcassets */,
				862681292B5D9E86004DAA72 /* Preview Content */,
				8626814D2B5DA0A4004DAA72 /* ToDoItem.swift */,
				8626814F2B5DAB11004DAA72 /* CreateView.swift */,
				862681512B5DB031004DAA72 /* UpdateToDoView.swift */,
			);
			path = CrudPractice3;
			sourceTree = "<group>";
		};
		862681292B5D9E86004DAA72 /* Preview Content */ = {
			isa = PBXGroup;
			children = (
				8626812A2B5D9E86004DAA72 /* Preview Assets.xcassets */,
			);
			path = "Preview Content";
			sourceTree = "<group>";
		};
		862681332B5D9E86004DAA72 /* CrudPractice3Tests */ = {
			isa = PBXGroup;
			children = (
				862681342B5D9E86004DAA72 /* CrudPractice3Tests.swift */,
			);
			path = CrudPractice3Tests;
			sourceTree = "<group>";
		};
		8626813D2B5D9E87004DAA72 /* CrudPractice3UITests */ = {
			isa = PBXGroup;
			children = (
				8626813E2B5D9E87004DAA72 /* CrudPractice3UITests.swift */,
				862681402B5D9E87004DAA72 /* CrudPractice3UITestsLaunchTests.swift */,
			);
			path = CrudPractice3UITests;
			sourceTree = "<group>";
		};
/* End PBXGroup section */

/* Begin PBXNativeTarget section */
		8626811F2B5D9E84004DAA72 /* CrudPractice3 */ = {
			isa = PBXNativeTarget;
			buildConfigurationList = 862681442B5D9E87004DAA72 /* Build configuration list for PBXNativeTarget "CrudPractice3" */;
			buildPhases = (
				8626811C2B5D9E84004DAA72 /* Sources */,
				8626811D2B5D9E84004DAA72 /* Frameworks */,
				8626811E2B5D9E84004DAA72 /* Resources */,
			);
			buildRules = (
			);
			dependencies = (
			);
			name = CrudPractice3;
			productName = CrudPractice3;
			productReference = 862681202B5D9E84004DAA72 /* CrudPractice3.app */;
			productType = "com.apple.product-type.application";
		};
		8626812F2B5D9E86004DAA72 /* CrudPractice3Tests */ = {
			isa = PBXNativeTarget;
			buildConfigurationList = 862681472B5D9E87004DAA72 /* Build configuration list for PBXNativeTarget "CrudPractice3Tests" */;
			buildPhases = (
				8626812C2B5D9E86004DAA72 /* Sources */,
				8626812D2B5D9E86004DAA72 /* Frameworks */,
				8626812E2B5D9E86004DAA72 /* Resources */,
			);
			buildRules = (
			);
			dependencies = (
				862681322B5D9E86004DAA72 /* PBXTargetDependency */,
			);
			name = CrudPractice3Tests;
			productName = CrudPractice3Tests;
			productReference = 862681302B5D9E86004DAA72 /* CrudPractice3Tests.xctest */;
			productType = "com.apple.product-type.bundle.unit-test";
		};
		862681392B5D9E87004DAA72 /* CrudPractice3UITests */ = {
			isa = PBXNativeTarget;
			buildConfigurationList = 8626814A2B5D9E87004DAA72 /* Build configuration list for PBXNativeTarget "CrudPractice3UITests" */;
			buildPhases = (
				862681362B5D9E87004DAA72 /* Sources */,
				862681372B5D9E87004DAA72 /* Frameworks */,
				862681382B5D9E87004DAA72 /* Resources */,
			);
			buildRules = (
			);
			dependencies = (
				8626813C2B5D9E87004DAA72 /* PBXTargetDependency */,
			);
			name = CrudPractice3UITests;
			productName = CrudPractice3UITests;
			productReference = 8626813A2B5D9E87004DAA72 /* CrudPractice3UITests.xctest */;
			productType = "com.apple.product-type.bundle.ui-testing";
		};
/* End PBXNativeTarget section */

/* Begin PBXProject section */
		862681182B5D9E84004DAA72 /* Project object */ = {
			isa = PBXProject;
			attributes = {
				BuildIndependentTargetsInParallel = 1;
				LastSwiftUpdateCheck = 1510;
				LastUpgradeCheck = 1510;
				TargetAttributes = {
					8626811F2B5D9E84004DAA72 = {
						CreatedOnToolsVersion = 15.1;
					};
					8626812F2B5D9E86004DAA72 = {
						CreatedOnToolsVersion = 15.1;
						TestTargetID = 8626811F2B5D9E84004DAA72;
					};
					862681392B5D9E87004DAA72 = {
						CreatedOnToolsVersion = 15.1;
						TestTargetID = 8626811F2B5D9E84004DAA72;
					};
				};
			};
			buildConfigurationList = 8626811B2B5D9E84004DAA72 /* Build configuration list for PBXProject "CrudPractice3" */;
			compatibilityVersion = "Xcode 14.0";
			developmentRegion = en;
			hasScannedForEncodings = 0;
			knownRegions = (
				en,
				Base,
			);
			mainGroup = 862681172B5D9E84004DAA72;
			productRefGroup = 862681212B5D9E84004DAA72 /* Products */;
			projectDirPath = "";
			projectRoot = "";
			targets = (
				8626811F2B5D9E84004DAA72 /* CrudPractice3 */,
				8626812F2B5D9E86004DAA72 /* CrudPractice3Tests */,
				862681392B5D9E87004DAA72 /* CrudPractice3UITests */,
			);
		};
/* End PBXProject section */

/* Begin PBXResourcesBuildPhase section */
		8626811E2B5D9E84004DAA72 /* Resources */ = {
			isa = PBXResourcesBuildPhase;
			buildActionMask = 2147483647;
			files = (
				8626812B2B5D9E86004DAA72 /* Preview Assets.xcassets in Resources */,
				862681282B5D9E86004DAA72 /* Assets.xcassets in Resources */,
			);
			runOnlyForDeploymentPostprocessing = 0;
		};
		8626812E2B5D9E86004DAA72 /* Resources */ = {
			isa = PBXResourcesBuildPhase;
			buildActionMask = 2147483647;
			files = (
			);
			runOnlyForDeploymentPostprocessing = 0;
		};
		862681382B5D9E87004DAA72 /* Resources */ = {
			isa = PBXResourcesBuildPhase;
			buildActionMask = 2147483647;
			files = (
			);
			runOnlyForDeploymentPostprocessing = 0;
		};
/* End PBXResourcesBuildPhase section */

/* Begin PBXSourcesBuildPhase section */
		8626811C2B5D9E84004DAA72 /* Sources */ = {
			isa = PBXSourcesBuildPhase;
			buildActionMask = 2147483647;
			files = (
				862681262B5D9E84004DAA72 /* ContentView.swift in Sources */,
				862681242B5D9E84004DAA72 /* CrudPractice3App.swift in Sources */,
				862681502B5DAB11004DAA72 /* CreateView.swift in Sources */,
				862681522B5DB031004DAA72 /* UpdateToDoView.swift in Sources */,
				8626814E2B5DA0A4004DAA72 /* ToDoItem.swift in Sources */,
			);
			runOnlyForDeploymentPostprocessing = 0;
		};
		8626812C2B5D9E86004DAA72 /* Sources */ = {
			isa = PBXSourcesBuildPhase;
			buildActionMask = 2147483647;
			files = (
				862681352B5D9E86004DAA72 /* CrudPractice3Tests.swift in Sources */,
			);
			runOnlyForDeploymentPostprocessing = 0;
		};
		862681362B5D9E87004DAA72 /* Sources */ = {
			isa = PBXSourcesBuildPhase;
			buildActionMask = 2147483647;
			files = (
				8626813F2B5D9E87004DAA72 /* CrudPractice3UITests.swift in Sources */,
				862681412B5D9E87004DAA72 /* CrudPractice3UITestsLaunchTests.swift in Sources */,
			);
			runOnlyForDeploymentPostprocessing = 0;
		};
/* End PBXSourcesBuildPhase section */

/* Begin PBXTargetDependency section */
		862681322B5D9E86004DAA72 /* PBXTargetDependency */ = {
			isa = PBXTargetDependency;
			target = 8626811F2B5D9E84004DAA72 /* CrudPractice3 */;
			targetProxy = 862681312B5D9E86004DAA72 /* PBXContainerItemProxy */;
		};
		8626813C2B5D9E87004DAA72 /* PBXTargetDependency */ = {
			isa = PBXTargetDependency;
			target = 8626811F2B5D9E84004DAA72 /* CrudPractice3 */;
			targetProxy = 8626813B2B5D9E87004DAA72 /* PBXContainerItemProxy */;
		};
/* End PBXTargetDependency section */

/* Begin XCBuildConfiguration section */
		862681422B5D9E87004DAA72 /* Debug */ = {
			isa = XCBuildConfiguration;
			buildSettings = {
				ALWAYS_SEARCH_USER_PATHS = NO;
				ASSETCATALOG_COMPILER_GENERATE_SWIFT_ASSET_SYMBOL_EXTENSIONS = YES;
				CLANG_ANALYZER_NONNULL = YES;
				CLANG_ANALYZER_NUMBER_OBJECT_CONVERSION = YES_AGGRESSIVE;
				CLANG_CXX_LANGUAGE_STANDARD = "gnu++20";
				CLANG_ENABLE_MODULES = YES;
				CLANG_ENABLE_OBJC_ARC = YES;
				CLANG_ENABLE_OBJC_WEAK = YES;
				CLANG_WARN_BLOCK_CAPTURE_AUTORELEASING = YES;
				CLANG_WARN_BOOL_CONVERSION = YES;
				CLANG_WARN_COMMA = YES;
				CLANG_WARN_CONSTANT_CONVERSION = YES;
				CLANG_WARN_DEPRECATED_OBJC_IMPLEMENTATIONS = YES;
				CLANG_WARN_DIRECT_OBJC_ISA_USAGE = YES_ERROR;
				CLANG_WARN_DOCUMENTATION_COMMENTS = YES;
				CLANG_WARN_EMPTY_BODY = YES;
				CLANG_WARN_ENUM_CONVERSION = YES;
				CLANG_WARN_INFINITE_RECURSION = YES;
				CLANG_WARN_INT_CONVERSION = YES;
				CLANG_WARN_NON_LITERAL_NULL_CONVERSION = YES;
				CLANG_WARN_OBJC_IMPLICIT_RETAIN_SELF = YES;
				CLANG_WARN_OBJC_LITERAL_CONVERSION = YES;
				CLANG_WARN_OBJC_ROOT_CLASS = YES_ERROR;
				CLANG_WARN_QUOTED_INCLUDE_IN_FRAMEWORK_HEADER = YES;
				CLANG_WARN_RANGE_LOOP_ANALYSIS = YES;
				CLANG_WARN_STRICT_PROTOTYPES = YES;
				CLANG_WARN_SUSPICIOUS_MOVE = YES;
				CLANG_WARN_UNGUARDED_AVAILABILITY = YES_AGGRESSIVE;
				CLANG_WARN_UNREACHABLE_CODE = YES;
				CLANG_WARN__DUPLICATE_METHOD_MATCH = YES;
				COPY_PHASE_STRIP = NO;
				DEBUG_INFORMATION_FORMAT = dwarf;
				ENABLE_STRICT_OBJC_MSGSEND = YES;
				ENABLE_TESTABILITY = YES;
				ENABLE_USER_SCRIPT_SANDBOXING = YES;
				GCC_C_LANGUAGE_STANDARD = gnu17;
				GCC_DYNAMIC_NO_PIC = NO;
				GCC_NO_COMMON_BLOCKS = YES;
				GCC_OPTIMIZATION_LEVEL = 0;
				GCC_PREPROCESSOR_DEFINITIONS = (
					"DEBUG=1",
					"$(inherited)",
				);
				GCC_WARN_64_TO_32_BIT_CONVERSION = YES;
				GCC_WARN_ABOUT_RETURN_TYPE = YES_ERROR;
				GCC_WARN_UNDECLARED_SELECTOR = YES;
				GCC_WARN_UNINITIALIZED_AUTOS = YES_AGGRESSIVE;
				GCC_WARN_UNUSED_FUNCTION = YES;
				GCC_WARN_UNUSED_VARIABLE = YES;
				IPHONEOS_DEPLOYMENT_TARGET = 17.2;
				LOCALIZATION_PREFERS_STRING_CATALOGS = YES;
				MTL_ENABLE_DEBUG_INFO = INCLUDE_SOURCE;
				MTL_FAST_MATH = YES;
				ONLY_ACTIVE_ARCH = YES;
				SDKROOT = iphoneos;
				SWIFT_ACTIVE_COMPILATION_CONDITIONS = "DEBUG $(inherited)";
				SWIFT_OPTIMIZATION_LEVEL = "-Onone";
			};
			name = Debug;
		};
		862681432B5D9E87004DAA72 /* Release */ = {
			isa = XCBuildConfiguration;
			buildSettings = {
				ALWAYS_SEARCH_USER_PATHS = NO;
				ASSETCATALOG_COMPILER_GENERATE_SWIFT_ASSET_SYMBOL_EXTENSIONS = YES;
				CLANG_ANALYZER_NONNULL = YES;
				CLANG_ANALYZER_NUMBER_OBJECT_CONVERSION = YES_AGGRESSIVE;
				CLANG_CXX_LANGUAGE_STANDARD = "gnu++20";
				CLANG_ENABLE_MODULES = YES;
				CLANG_ENABLE_OBJC_ARC = YES;
				CLANG_ENABLE_OBJC_WEAK = YES;
				CLANG_WARN_BLOCK_CAPTURE_AUTORELEASING = YES;
				CLANG_WARN_BOOL_CONVERSION = YES;
				CLANG_WARN_COMMA = YES;
				CLANG_WARN_CONSTANT_CONVERSION = YES;
				CLANG_WARN_DEPRECATED_OBJC_IMPLEMENTATIONS = YES;
				CLANG_WARN_DIRECT_OBJC_ISA_USAGE = YES_ERROR;
				CLANG_WARN_DOCUMENTATION_COMMENTS = YES;
				CLANG_WARN_EMPTY_BODY = YES;
				CLANG_WARN_ENUM_CONVERSION = YES;
				CLANG_WARN_INFINITE_RECURSION = YES;
				CLANG_WARN_INT_CONVERSION = YES;
				CLANG_WARN_NON_LITERAL_NULL_CONVERSION = YES;
				CLANG_WARN_OBJC_IMPLICIT_RETAIN_SELF = YES;
				CLANG_WARN_OBJC_LITERAL_CONVERSION = YES;
				CLANG_WARN_OBJC_ROOT_CLASS = YES_ERROR;
				CLANG_WARN_QUOTED_INCLUDE_IN_FRAMEWORK_HEADER = YES;
				CLANG_WARN_RANGE_LOOP_ANALYSIS = YES;
				CLANG_WARN_STRICT_PROTOTYPES = YES;
				CLANG_WARN_SUSPICIOUS_MOVE = YES;
				CLANG_WARN_UNGUARDED_AVAILABILITY = YES_AGGRESSIVE;
				CLANG_WARN_UNREACHABLE_CODE = YES;
				CLANG_WARN__DUPLICATE_METHOD_MATCH = YES;
				COPY_PHASE_STRIP = NO;
				DEBUG_INFORMATION_FORMAT = "dwarf-with-dsym";
				ENABLE_NS_ASSERTIONS = NO;
				ENABLE_STRICT_OBJC_MSGSEND = YES;
				ENABLE_USER_SCRIPT_SANDBOXING = YES;
				GCC_C_LANGUAGE_STANDARD = gnu17;
				GCC_NO_COMMON_BLOCKS = YES;
				GCC_WARN_64_TO_32_BIT_CONVERSION = YES;
				GCC_WARN_ABOUT_RETURN_TYPE = YES_ERROR;
				GCC_WARN_UNDECLARED_SELECTOR = YES;
				GCC_WARN_UNINITIALIZED_AUTOS = YES_AGGRESSIVE;
				GCC_WARN_UNUSED_FUNCTION = YES;
				GCC_WARN_UNUSED_VARIABLE = YES;
				IPHONEOS_DEPLOYMENT_TARGET = 17.2;
				LOCALIZATION_PREFERS_STRING_CATALOGS = YES;
				MTL_ENABLE_DEBUG_INFO = NO;
				MTL_FAST_MATH = YES;
				SDKROOT = iphoneos;
				SWIFT_COMPILATION_MODE = wholemodule;
				VALIDATE_PRODUCT = YES;
			};
			name = Release;
		};
		862681452B5D9E87004DAA72 /* Debug */ = {
			isa = XCBuildConfiguration;
			buildSettings = {
				ASSETCATALOG_COMPILER_APPICON_NAME = AppIcon;
				ASSETCATALOG_COMPILER_GLOBAL_ACCENT_COLOR_NAME = AccentColor;
				CODE_SIGN_STYLE = Automatic;
				CURRENT_PROJECT_VERSION = 1;
				DEVELOPMENT_ASSET_PATHS = "\"CrudPractice3/Preview Content\"";
				DEVELOPMENT_TEAM = 34D6KK576H;
				ENABLE_PREVIEWS = YES;
				GENERATE_INFOPLIST_FILE = YES;
				INFOPLIST_KEY_UIApplicationSceneManifest_Generation = YES;
				INFOPLIST_KEY_UIApplicationSupportsIndirectInputEvents = YES;
				INFOPLIST_KEY_UILaunchScreen_Generation = YES;
				INFOPLIST_KEY_UISupportedInterfaceOrientations_iPad = "UIInterfaceOrientationPortrait UIInterfaceOrientationPortraitUpsideDown UIInterfaceOrientationLandscapeLeft UIInterfaceOrientationLandscapeRight";
				INFOPLIST_KEY_UISupportedInterfaceOrientations_iPhone = "UIInterfaceOrientationPortrait UIInterfaceOrientationLandscapeLeft UIInterfaceOrientationLandscapeRight";
				LD_RUNPATH_SEARCH_PATHS = (
					"$(inherited)",
					"@executable_path/Frameworks",
				);
				MARKETING_VERSION = 1.0;
				PRODUCT_BUNDLE_IDENTIFIER = com.terrell.CrudPractice3;
				PRODUCT_NAME = "$(TARGET_NAME)";
				SWIFT_EMIT_LOC_STRINGS = YES;
				SWIFT_VERSION = 5.0;
				TARGETED_DEVICE_FAMILY = "1,2";
			};
			name = Debug;
		};
		862681462B5D9E87004DAA72 /* Release */ = {
			isa = XCBuildConfiguration;
			buildSettings = {
				ASSETCATALOG_COMPILER_APPICON_NAME = AppIcon;
				ASSETCATALOG_COMPILER_GLOBAL_ACCENT_COLOR_NAME = AccentColor;
				CODE_SIGN_STYLE = Automatic;
				CURRENT_PROJECT_VERSION = 1;
				DEVELOPMENT_ASSET_PATHS = "\"CrudPractice3/Preview Content\"";
				DEVELOPMENT_TEAM = 34D6KK576H;
				ENABLE_PREVIEWS = YES;
				GENERATE_INFOPLIST_FILE = YES;
				INFOPLIST_KEY_UIApplicationSceneManifest_Generation = YES;
				INFOPLIST_KEY_UIApplicationSupportsIndirectInputEvents = YES;
				INFOPLIST_KEY_UILaunchScreen_Generation = YES;
				INFOPLIST_KEY_UISupportedInterfaceOrientations_iPad = "UIInterfaceOrientationPortrait UIInterfaceOrientationPortraitUpsideDown UIInterfaceOrientationLandscapeLeft UIInterfaceOrientationLandscapeRight";
				INFOPLIST_KEY_UISupportedInterfaceOrientations_iPhone = "UIInterfaceOrientationPortrait UIInterfaceOrientationLandscapeLeft UIInterfaceOrientationLandscapeRight";
				LD_RUNPATH_SEARCH_PATHS = (
					"$(inherited)",
					"@executable_path/Frameworks",
				);
				MARKETING_VERSION = 1.0;
				PRODUCT_BUNDLE_IDENTIFIER = com.terrell.CrudPractice3;
				PRODUCT_NAME = "$(TARGET_NAME)";
				SWIFT_EMIT_LOC_STRINGS = YES;
				SWIFT_VERSION = 5.0;
				TARGETED_DEVICE_FAMILY = "1,2";
			};
			name = Release;
		};
		862681482B5D9E87004DAA72 /* Debug */ = {
			isa = XCBuildConfiguration;
			buildSettings = {
				ALWAYS_EMBED_SWIFT_STANDARD_LIBRARIES = YES;
				BUNDLE_LOADER = "$(TEST_HOST)";
				CODE_SIGN_STYLE = Automatic;
				CURRENT_PROJECT_VERSION = 1;
				DEVELOPMENT_TEAM = 34D6KK576H;
				GENERATE_INFOPLIST_FILE = YES;
				IPHONEOS_DEPLOYMENT_TARGET = 17.2;
				MARKETING_VERSION = 1.0;
				PRODUCT_BUNDLE_IDENTIFIER = com.terrell.CrudPractice3Tests;
				PRODUCT_NAME = "$(TARGET_NAME)";
				SWIFT_EMIT_LOC_STRINGS = NO;
				SWIFT_VERSION = 5.0;
				TARGETED_DEVICE_FAMILY = "1,2";
				TEST_HOST = "$(BUILT_PRODUCTS_DIR)/CrudPractice3.app/$(BUNDLE_EXECUTABLE_FOLDER_PATH)/CrudPractice3";
			};
			name = Debug;
		};
		862681492B5D9E87004DAA72 /* Release */ = {
			isa = XCBuildConfiguration;
			buildSettings = {
				ALWAYS_EMBED_SWIFT_STANDARD_LIBRARIES = YES;
				BUNDLE_LOADER = "$(TEST_HOST)";
				CODE_SIGN_STYLE = Automatic;
				CURRENT_PROJECT_VERSION = 1;
				DEVELOPMENT_TEAM = 34D6KK576H;
				GENERATE_INFOPLIST_FILE = YES;
				IPHONEOS_DEPLOYMENT_TARGET = 17.2;
				MARKETING_VERSION = 1.0;
				PRODUCT_BUNDLE_IDENTIFIER = com.terrell.CrudPractice3Tests;
				PRODUCT_NAME = "$(TARGET_NAME)";
				SWIFT_EMIT_LOC_STRINGS = NO;
				SWIFT_VERSION = 5.0;
				TARGETED_DEVICE_FAMILY = "1,2";
				TEST_HOST = "$(BUILT_PRODUCTS_DIR)/CrudPractice3.app/$(BUNDLE_EXECUTABLE_FOLDER_PATH)/CrudPractice3";
			};
			name = Release;
		};
		8626814B2B5D9E87004DAA72 /* Debug */ = {
			isa = XCBuildConfiguration;
			buildSettings = {
				ALWAYS_EMBED_SWIFT_STANDARD_LIBRARIES = YES;
				CODE_SIGN_STYLE = Automatic;
				CURRENT_PROJECT_VERSION = 1;
				DEVELOPMENT_TEAM = 34D6KK576H;
				GENERATE_INFOPLIST_FILE = YES;
				MARKETING_VERSION = 1.0;
				PRODUCT_BUNDLE_IDENTIFIER = com.terrell.CrudPractice3UITests;
				PRODUCT_NAME = "$(TARGET_NAME)";
				SWIFT_EMIT_LOC_STRINGS = NO;
				SWIFT_VERSION = 5.0;
				TARGETED_DEVICE_FAMILY = "1,2";
				TEST_TARGET_NAME = CrudPractice3;
			};
			name = Debug;
		};
		8626814C2B5D9E87004DAA72 /* Release */ = {
			isa = XCBuildConfiguration;
			buildSettings = {
				ALWAYS_EMBED_SWIFT_STANDARD_LIBRARIES = YES;
				CODE_SIGN_STYLE = Automatic;
				CURRENT_PROJECT_VERSION = 1;
				DEVELOPMENT_TEAM = 34D6KK576H;
				GENERATE_INFOPLIST_FILE = YES;
				MARKETING_VERSION = 1.0;
				PRODUCT_BUNDLE_IDENTIFIER = com.terrell.CrudPractice3UITests;
				PRODUCT_NAME = "$(TARGET_NAME)";
				SWIFT_EMIT_LOC_STRINGS = NO;
				SWIFT_VERSION = 5.0;
				TARGETED_DEVICE_FAMILY = "1,2";
				TEST_TARGET_NAME = CrudPractice3;
			};
			name = Release;
		};
/* End XCBuildConfiguration section */

/* Begin XCConfigurationList section */
		8626811B2B5D9E84004DAA72 /* Build configuration list for PBXProject "CrudPractice3" */ = {
			isa = XCConfigurationList;
			buildConfigurations = (
				862681422B5D9E87004DAA72 /* Debug */,
				862681432B5D9E87004DAA72 /* Release */,
			);
			defaultConfigurationIsVisible = 0;
			defaultConfigurationName = Release;
		};
		862681442B5D9E87004DAA72 /* Build configuration list for PBXNativeTarget "CrudPractice3" */ = {
			isa = XCConfigurationList;
			buildConfigurations = (
				862681452B5D9E87004DAA72 /* Debug */,
				862681462B5D9E87004DAA72 /* Release */,
			);
			defaultConfigurationIsVisible = 0;
			defaultConfigurationName = Release;
		};
		862681472B5D9E87004DAA72 /* Build configuration list for PBXNativeTarget "CrudPractice3Tests" */ = {
			isa = XCConfigurationList;
			buildConfigurations = (
				862681482B5D9E87004DAA72 /* Debug */,
				862681492B5D9E87004DAA72 /* Release */,
			);
			defaultConfigurationIsVisible = 0;
			defaultConfigurationName = Release;
		};
		8626814A2B5D9E87004DAA72 /* Build configuration list for PBXNativeTarget "CrudPractice3UITests" */ = {
			isa = XCConfigurationList;
			buildConfigurations = (
				8626814B2B5D9E87004DAA72 /* Debug */,
				8626814C2B5D9E87004DAA72 /* Release */,
			);
			defaultConfigurationIsVisible = 0;
			defaultConfigurationName = Release;
		};
/* End XCConfigurationList section */
	};
	rootObject = 862681182B5D9E84004DAA72 /* Project object */;
}
